{
  "requires": true,
  "lockfileVersion": 1,
  "dependencies": {
    "@types/file-saver": {
      "version": "2.0.6",
      "resolved": "https://registry.npmjs.org/@types/file-saver/-/file-saver-2.0.6.tgz",
      "integrity": "sha512-Mw671DVqoMHbjw0w4v2iiOro01dlT/WhWp5uwecBa0Wg8c+bcZOjgF1ndBnlaxhtvFCgTRBtsGivSVhrK/vnag=="
    },
    "file-saver": {
      "version": "2.0.5",
      "resolved": "https://registry.npmjs.org/file-saver/-/file-saver-2.0.5.tgz",
      "integrity": "sha512-P9bmyZ3h/PRG+Nzga+rbdI4OEpNDzAVyy74uVO9ATgzLK6VtAsYybF/+TOCvrc0MO793d6+42lLyZTw7/ArVzA=="
    },
    "jwt-decode": {
      "version": "3.1.2",
      "resolved": "https://registry.npmjs.org/jwt-decode/-/jwt-decode-3.1.2.tgz",
      "integrity": "sha512-UfpWE/VZn0iP50d8cz9NrZLM9lSWhcJ+0Gt/nm4by88UL+J1SiKN8/5dkjMmbEzwL2CAe+67GsegCbIKtbp75A=="
    }
  }
}
